
Microsoft Visual Studio Solution File, Format Version 12.00
# Visual Studio 14
VisualStudioVersion = 14.0.25420.1
MinimumVisualStudioVersion = 10.0.40219.1
Project("{2150E333-8FDC-42A3-9474-1A3956D46DE8}") = "src", "src", "{976BA087-E03E-477A-86E0-56E3C635B742}"
EndProject
Project("{2150E333-8FDC-42A3-9474-1A3956D46DE8}") = "Solution Items", "Solution Items", "{2E57F5A3-653A-4C37-BE23-086127E41A82}"
	ProjectSection(SolutionItems) = preProject
		global.json = global.json
	EndProjectSection
EndProject
Project("{8BB2217D-0F2D-49D1-97BC-3654ED321F3B}") = "StartUpApp.Core", "src\StartUpApp.Core\StartUpApp.Core.xproj", "{F8BC8E66-ABA3-4329-8D4F-654F792D6BB9}"
EndProject
Project("{8BB2217D-0F2D-49D1-97BC-3654ED321F3B}") = "StartUpApp.DataAccess", "src\StartUpApp.DataAccess\StartUpApp.DataAccess.xproj", "{1BBF5262-0201-4809-A2E8-4CA7C94EF884}"
EndProject
Project("{8BB2217D-0F2D-49D1-97BC-3654ED321F3B}") = "StartUpApp.Repository", "src\StartUpApp.Repository\StartUpApp.Repository.xproj", "{A12D0D81-400E-4BDE-82B3-59A2DD010E08}"
EndProject
Project("{8BB2217D-0F2D-49D1-97BC-3654ED321F3B}") = "StartUpApp.Service", "src\StartUpApp.Service\StartUpApp.Service.xproj", "{92229AC6-3D43-4976-8A95-457E7386C9AB}"
EndProject
Project("{8BB2217D-0F2D-49D1-97BC-3654ED321F3B}") = "MVCAngular", "src\MVCAngular\MVCAngular.xproj", "{C94FF4B8-EA06-4B4A-AE0E-D3F436921605}"
EndProject
Global
	GlobalSection(SolutionConfigurationPlatforms) = preSolution
		Debug|Any CPU = Debug|Any CPU
		Release|Any CPU = Release|Any CPU
	EndGlobalSection
	GlobalSection(ProjectConfigurationPlatforms) = postSolution
		{F8BC8E66-ABA3-4329-8D4F-654F792D6BB9}.Debug|Any CPU.ActiveCfg = Debug|Any CPU
		{F8BC8E66-ABA3-4329-8D4F-654F792D6BB9}.Debug|Any CPU.Build.0 = Debug|Any CPU
		{F8BC8E66-ABA3-4329-8D4F-654F792D6BB9}.Release|Any CPU.ActiveCfg = Release|Any CPU
		{F8BC8E66-ABA3-4329-8D4F-654F792D6BB9}.Release|Any CPU.Build.0 = Release|Any CPU
		{1BBF5262-0201-4809-A2E8-4CA7C94EF884}.Debug|Any CPU.ActiveCfg = Debug|Any CPU
		{1BBF5262-0201-4809-A2E8-4CA7C94EF884}.Debug|Any CPU.Build.0 = Debug|Any CPU
		{1BBF5262-0201-4809-A2E8-4CA7C94EF884}.Release|Any CPU.ActiveCfg = Release|Any CPU
		{1BBF5262-0201-4809-A2E8-4CA7C94EF884}.Release|Any CPU.Build.0 = Release|Any CPU
		{A12D0D81-400E-4BDE-82B3-59A2DD010E08}.Debug|Any CPU.ActiveCfg = Debug|Any CPU
		{A12D0D81-400E-4BDE-82B3-59A2DD010E08}.Debug|Any CPU.Build.0 = Debug|Any CPU
		{A12D0D81-400E-4BDE-82B3-59A2DD010E08}.Release|Any CPU.ActiveCfg = Release|Any CPU
		{A12D0D81-400E-4BDE-82B3-59A2DD010E08}.Release|Any CPU.Build.0 = Release|Any CPU
		{92229AC6-3D43-4976-8A95-457E7386C9AB}.Debug|Any CPU.ActiveCfg = Debug|Any CPU
		{92229AC6-3D43-4976-8A95-457E7386C9AB}.Debug|Any CPU.Build.0 = Debug|Any CPU
		{92229AC6-3D43-4976-8A95-457E7386C9AB}.Release|Any CPU.ActiveCfg = Release|Any CPU
		{92229AC6-3D43-4976-8A95-457E7386C9AB}.Release|Any CPU.Build.0 = Release|Any CPU
		{C94FF4B8-EA06-4B4A-AE0E-D3F436921605}.Debug|Any CPU.ActiveCfg = Debug|Any CPU
		{C94FF4B8-EA06-4B4A-AE0E-D3F436921605}.Debug|Any CPU.Build.0 = Debug|Any CPU
		{C94FF4B8-EA06-4B4A-AE0E-D3F436921605}.Release|Any CPU.ActiveCfg = Release|Any CPU
		{C94FF4B8-EA06-4B4A-AE0E-D3F436921605}.Release|Any CPU.Build.0 = Release|Any CPU
	EndGlobalSection
	GlobalSection(SolutionProperties) = preSolution
		HideSolutionNode = FALSE
	EndGlobalSection
	GlobalSection(NestedProjects) = preSolution
		{F8BC8E66-ABA3-4329-8D4F-654F792D6BB9} = {976BA087-E03E-477A-86E0-56E3C635B742}
		{1BBF5262-0201-4809-A2E8-4CA7C94EF884} = {976BA087-E03E-477A-86E0-56E3C635B742}
		{A12D0D81-400E-4BDE-82B3-59A2DD010E08} = {976BA087-E03E-477A-86E0-56E3C635B742}
		{92229AC6-3D43-4976-8A95-457E7386C9AB} = {976BA087-E03E-477A-86E0-56E3C635B742}
		{C94FF4B8-EA06-4B4A-AE0E-D3F436921605} = {976BA087-E03E-477A-86E0-56E3C635B742}
	EndGlobalSection
EndGlobal
