
Microsoft Visual Studio Solution File, Format Version 12.00
# Visual Studio 14
VisualStudioVersion = 14.0.25420.1
MinimumVisualStudioVersion = 10.0.40219.1
Project("{FAE04EC0-301F-11D3-BF4B-00C04F79EFBC}") = "HappyCakeStore.Domain", "HappyCakeStore.Domain\HappyCakeStore.Domain.csproj", "{4D0C0904-6429-4919-9173-A9AED699C8AB}"
EndProject
Project("{FAE04EC0-301F-11D3-BF4B-00C04F79EFBC}") = "HappyCakeStore.WebUI", "HappyCakeStore.WebUI\HappyCakeStore.WebUI.csproj", "{734410DC-DC73-4014-B2A5-6250F1986B5A}"
EndProject
Global
	GlobalSection(SolutionConfigurationPlatforms) = preSolution
		Debug|Any CPU = Debug|Any CPU
		Release|Any CPU = Release|Any CPU
	EndGlobalSection
	GlobalSection(ProjectConfigurationPlatforms) = postSolution
		{4D0C0904-6429-4919-9173-A9AED699C8AB}.Debug|Any CPU.ActiveCfg = Debug|Any CPU
		{4D0C0904-6429-4919-9173-A9AED699C8AB}.Debug|Any CPU.Build.0 = Debug|Any CPU
		{4D0C0904-6429-4919-9173-A9AED699C8AB}.Release|Any CPU.ActiveCfg = Release|Any CPU
		{4D0C0904-6429-4919-9173-A9AED699C8AB}.Release|Any CPU.Build.0 = Release|Any CPU
		{734410DC-DC73-4014-B2A5-6250F1986B5A}.Debug|Any CPU.ActiveCfg = Debug|Any CPU
		{734410DC-DC73-4014-B2A5-6250F1986B5A}.Debug|Any CPU.Build.0 = Debug|Any CPU
		{734410DC-DC73-4014-B2A5-6250F1986B5A}.Release|Any CPU.ActiveCfg = Release|Any CPU
		{734410DC-DC73-4014-B2A5-6250F1986B5A}.Release|Any CPU.Build.0 = Release|Any CPU
	EndGlobalSection
	GlobalSection(SolutionProperties) = preSolution
		HideSolutionNode = FALSE
	EndGlobalSection
EndGlobal
